
Microsoft Visual Studio Solution File, Format Version 12.00
# Visual Studio Version 17
VisualStudioVersion = 17.5.002.0
MinimumVisualStudioVersion = 10.0.40219.1
Project("{9A19103F-16F7-4668-BE54-9A1E7A4F7556}") = "DesafioPOO", "DesafioPOO.csproj", "{EC7C7740-3911-4C4E-A1B2-01ECC46972AE}"
EndProject
Global
	GlobalSection(SolutionConfigurationPlatforms) = preSolution
		Debug|Any CPU = Debug|Any CPU
		Release|Any CPU = Release|Any CPU
	EndGlobalSection
	GlobalSection(ProjectConfigurationPlatforms) = postSolution
		{EC7C7740-3911-4C4E-A1B2-01ECC46972AE}.Debug|Any CPU.ActiveCfg = Debug|Any CPU
		{EC7C7740-3911-4C4E-A1B2-01ECC46972AE}.Debug|Any CPU.Build.0 = Debug|Any CPU
		{EC7C7740-3911-4C4E-A1B2-01ECC46972AE}.Release|Any CPU.ActiveCfg = Release|Any CPU
		{EC7C7740-3911-4C4E-A1B2-01ECC46972AE}.Release|Any CPU.Build.0 = Release|Any CPU
	EndGlobalSection
	GlobalSection(SolutionProperties) = preSolution
		HideSolutionNode = FALSE
	EndGlobalSection
	GlobalSection(ExtensibilityGlobals) = postSolution
		SolutionGuid = {474F3B5F-5165-43D6-A363-101F2156EEE0}
	EndGlobalSection
EndGlobal
